
Microsoft Visual Studio Solution File, Format Version 12.00
# Visual Studio Version 16
VisualStudioVersion = 16.0.29403.142
MinimumVisualStudioVersion = 10.0.40219.1
Project("{FAE04EC0-301F-11D3-BF4B-00C04F79EFBC}") = "Regular Expression", "Regular Expression\Regular Expression.csproj", "{A475972F-5A6F-4884-8583-C0727783765A}"
EndProject
Project("{FAE04EC0-301F-11D3-BF4B-00C04F79EFBC}") = "Regular ExpressionTests1", "Regular ExpressionTests1\Regular ExpressionTests1.csproj", "{F74BE87F-A06B-447C-A2B2-654BAEE905EB}"
EndProject
Global
	GlobalSection(SolutionConfigurationPlatforms) = preSolution
		Debug|Any CPU = Debug|Any CPU
		Release|Any CPU = Release|Any CPU
	EndGlobalSection
	GlobalSection(ProjectConfigurationPlatforms) = postSolution
		{A475972F-5A6F-4884-8583-C0727783765A}.Debug|Any CPU.ActiveCfg = Debug|Any CPU
		{A475972F-5A6F-4884-8583-C0727783765A}.Debug|Any CPU.Build.0 = Debug|Any CPU
		{A475972F-5A6F-4884-8583-C0727783765A}.Release|Any CPU.ActiveCfg = Release|Any CPU
		{A475972F-5A6F-4884-8583-C0727783765A}.Release|Any CPU.Build.0 = Release|Any CPU
		{F74BE87F-A06B-447C-A2B2-654BAEE905EB}.Debug|Any CPU.ActiveCfg = Debug|Any CPU
		{F74BE87F-A06B-447C-A2B2-654BAEE905EB}.Debug|Any CPU.Build.0 = Debug|Any CPU
		{F74BE87F-A06B-447C-A2B2-654BAEE905EB}.Release|Any CPU.ActiveCfg = Release|Any CPU
		{F74BE87F-A06B-447C-A2B2-654BAEE905EB}.Release|Any CPU.Build.0 = Release|Any CPU
	EndGlobalSection
	GlobalSection(SolutionProperties) = preSolution
		HideSolutionNode = FALSE
	EndGlobalSection
	GlobalSection(ExtensibilityGlobals) = postSolution
		SolutionGuid = {30B84348-5562-404F-808A-F21C6D278331}
	EndGlobalSection
EndGlobal
